
Microsoft Visual Studio Solution File, Format Version 12.00
# Visual Studio Version 16
VisualStudioVersion = 16.0.30320.27
MinimumVisualStudioVersion = 10.0.40219.1
Project("{9A19103F-16F7-4668-BE54-9A1E7A4F7556}") = "Sokool.Net.Web", "Sokool.Net.Web\Sokool.Net.Web.csproj", "{8E8A2E6A-E1C5-4098-91C3-600E597F426B}"
EndProject
Project("{9A19103F-16F7-4668-BE54-9A1E7A4F7556}") = "Sokool.Net.DataLibrary", "Sokool.Net.DataLibrary\Sokool.Net.DataLibrary.csproj", "{DF17D976-268B-474B-A4D9-E70C397F65A1}"
EndProject
Project("{2150E333-8FDC-42A3-9474-1A3956D46DE8}") = "Solution Items", "Solution Items", "{3CDF623B-4C7D-4C48-9013-B5FDCA004B0B}"
	ProjectSection(SolutionItems) = preProject
		DeveloperNotes.txt = DeveloperNotes.txt
		README.md = README.md
	EndProjectSection
EndProject
Global
	GlobalSection(SolutionConfigurationPlatforms) = preSolution
		Debug|Any CPU = Debug|Any CPU
		Release|Any CPU = Release|Any CPU
	EndGlobalSection
	GlobalSection(ProjectConfigurationPlatforms) = postSolution
		{8E8A2E6A-E1C5-4098-91C3-600E597F426B}.Debug|Any CPU.ActiveCfg = Debug|Any CPU
		{8E8A2E6A-E1C5-4098-91C3-600E597F426B}.Debug|Any CPU.Build.0 = Debug|Any CPU
		{8E8A2E6A-E1C5-4098-91C3-600E597F426B}.Release|Any CPU.ActiveCfg = Release|Any CPU
		{8E8A2E6A-E1C5-4098-91C3-600E597F426B}.Release|Any CPU.Build.0 = Release|Any CPU
		{DF17D976-268B-474B-A4D9-E70C397F65A1}.Debug|Any CPU.ActiveCfg = Debug|Any CPU
		{DF17D976-268B-474B-A4D9-E70C397F65A1}.Debug|Any CPU.Build.0 = Debug|Any CPU
		{DF17D976-268B-474B-A4D9-E70C397F65A1}.Release|Any CPU.ActiveCfg = Release|Any CPU
		{DF17D976-268B-474B-A4D9-E70C397F65A1}.Release|Any CPU.Build.0 = Release|Any CPU
	EndGlobalSection
	GlobalSection(SolutionProperties) = preSolution
		HideSolutionNode = FALSE
	EndGlobalSection
	GlobalSection(ExtensibilityGlobals) = postSolution
		SolutionGuid = {F015A69F-6722-4BC7-8FF3-378C4759CD9B}
	EndGlobalSection
EndGlobal
